// !$*UTF8*$!
{
	archiveVersion = 1;
	classes = {
	};
	objectVersion = 50;
	objects = {

/* Begin PBXBuildFile section */
		2822FC3E24358D9C00CE276F /* LaunchScreen.storyboard in Resources */ = {isa = PBXBuildFile; fileRef = 2822FC3D24358D9C00CE276F /* LaunchScreen.storyboard */; };
		28E1FC2E23E5965C00D56A80 /* AppDelegate.swift in Sources */ = {isa = PBXBuildFile; fileRef = 28E1FC2D23E5965C00D56A80 /* AppDelegate.swift */; };
		28E1FC3023E5965C00D56A80 /* SceneDelegate.swift in Sources */ = {isa = PBXBuildFile; fileRef = 28E1FC2F23E5965C00D56A80 /* SceneDelegate.swift */; };
		28E1FC3323E5965C00D56A80 /* Bookworm10.xcdatamodeld in Sources */ = {isa = PBXBuildFile; fileRef = 28E1FC3123E5965C00D56A80 /* Bookworm10.xcdatamodeld */; };
		28E1FC3523E5965C00D56A80 /* ContentView.swift in Sources */ = {isa = PBXBuildFile; fileRef = 28E1FC3423E5965C00D56A80 /* ContentView.swift */; };
		28E1FC3723E5965D00D56A80 /* Assets.xcassets in Resources */ = {isa = PBXBuildFile; fileRef = 28E1FC3623E5965D00D56A80 /* Assets.xcassets */; };
		28E1FC3A23E5965D00D56A80 /* Preview Assets.xcassets in Resources */ = {isa = PBXBuildFile; fileRef = 28E1FC3923E5965D00D56A80 /* Preview Assets.xcassets */; };
		28E1FC4823E5965D00D56A80 /* Bookworm10Tests.swift in Sources */ = {isa = PBXBuildFile; fileRef = 28E1FC4723E5965D00D56A80 /* Bookworm10Tests.swift */; };
		28E1FC5323E5965D00D56A80 /* Bookworm10UITests.swift in Sources */ = {isa = PBXBuildFile; fileRef = 28E1FC5223E5965D00D56A80 /* Bookworm10UITests.swift */; };
		28E1FC6123E5988300D56A80 /* Emoji.swift in Sources */ = {isa = PBXBuildFile; fileRef = 28E1FC6023E5988300D56A80 /* Emoji.swift */; };
		28E1FC6323E5993400D56A80 /* Rating.swift in Sources */ = {isa = PBXBuildFile; fileRef = 28E1FC6223E5993400D56A80 /* Rating.swift */; };
		28E1FC6523E59A2D00D56A80 /* Add.swift in Sources */ = {isa = PBXBuildFile; fileRef = 28E1FC6423E59A2D00D56A80 /* Add.swift */; };
		28E1FC6723E59CA400D56A80 /* Detail.swift in Sources */ = {isa = PBXBuildFile; fileRef = 28E1FC6623E59CA400D56A80 /* Detail.swift */; };
/* End PBXBuildFile section */

/* Begin PBXContainerItemProxy section */
		28E1FC4423E5965D00D56A80 /* PBXContainerItemProxy */ = {
			isa = PBXContainerItemProxy;
			containerPortal = 28E1FC2223E5965C00D56A80 /* Project object */;
			proxyType = 1;
			remoteGlobalIDString = 28E1FC2923E5965C00D56A80;
			remoteInfo = Bookworm10;
		};
		28E1FC4F23E5965D00D56A80 /* PBXContainerItemProxy */ = {
			isa = PBXContainerItemProxy;
			containerPortal = 28E1FC2223E5965C00D56A80 /* Project object */;
			proxyType = 1;
			remoteGlobalIDString = 28E1FC2923E5965C00D56A80;
			remoteInfo = Bookworm10;
		};
/* End PBXContainerItemProxy section */

/* Begin PBXFileReference section */
		2822FC3D24358D9C00CE276F /* LaunchScreen.storyboard */ = {isa = PBXFileReference; fileEncoding = 4; lastKnownFileType = file.storyboard; path = LaunchScreen.storyboard; sourceTree = "<group>"; };
		28E1FC2A23E5965C00D56A80 /* TyemteeBook.app */ = {isa = PBXFileReference; explicitFileType = wrapper.application; includeInIndex = 0; path = TyemteeBook.app; sourceTree = BUILT_PRODUCTS_DIR; };
		28E1FC2D23E5965C00D56A80 /* AppDelegate.swift */ = {isa = PBXFileReference; lastKnownFileType = sourcecode.swift; path = AppDelegate.swift; sourceTree = "<group>"; };
		28E1FC2F23E5965C00D56A80 /* SceneDelegate.swift */ = {isa = PBXFileReference; lastKnownFileType = sourcecode.swift; path = SceneDelegate.swift; sourceTree = "<group>"; };
		28E1FC3223E5965C00D56A80 /* Bookworm10.xcdatamodel */ = {isa = PBXFileReference; lastKnownFileType = wrapper.xcdatamodel; path = Bookworm10.xcdatamodel; sourceTree = "<group>"; };
		28E1FC3423E5965C00D56A80 /* ContentView.swift */ = {isa = PBXFileReference; lastKnownFileType = sourcecode.swift; path = ContentView.swift; sourceTree = "<group>"; };
		28E1FC3623E5965D00D56A80 /* Assets.xcassets */ = {isa = PBXFileReference; lastKnownFileType = folder.assetcatalog; path = Assets.xcassets; sourceTree = "<group>"; };
		28E1FC3923E5965D00D56A80 /* Preview Assets.xcassets */ = {isa = PBXFileReference; lastKnownFileType = folder.assetcatalog; path = "Preview Assets.xcassets"; sourceTree = "<group>"; };
		28E1FC3E23E5965D00D56A80 /* Info.plist */ = {isa = PBXFileReference; lastKnownFileType = text.plist.xml; path = Info.plist; sourceTree = "<group>"; };
		28E1FC4323E5965D00D56A80 /* TyemteeBookTests.xctest */ = {isa = PBXFileReference; explicitFileType = wrapper.cfbundle; includeInIndex = 0; path = TyemteeBookTests.xctest; sourceTree = BUILT_PRODUCTS_DIR; };
		28E1FC4723E5965D00D56A80 /* Bookworm10Tests.swift */ = {isa = PBXFileReference; lastKnownFileType = sourcecode.swift; path = Bookworm10Tests.swift; sourceTree = "<group>"; };
		28E1FC4923E5965D00D56A80 /* Info.plist */ = {isa = PBXFileReference; lastKnownFileType = text.plist.xml; path = Info.plist; sourceTree = "<group>"; };
		28E1FC4E23E5965D00D56A80 /* TyemteeBookUITests.xctest */ = {isa = PBXFileReference; explicitFileType = wrapper.cfbundle; includeInIndex = 0; path = TyemteeBookUITests.xctest; sourceTree = BUILT_PRODUCTS_DIR; };
		28E1FC5223E5965D00D56A80 /* Bookworm10UITests.swift */ = {isa = PBXFileReference; lastKnownFileType = sourcecode.swift; path = Bookworm10UITests.swift; sourceTree = "<group>"; };
		28E1FC5423E5965D00D56A80 /* Info.plist */ = {isa = PBXFileReference; lastKnownFileType = text.plist.xml; path = Info.plist; sourceTree = "<group>"; };
		28E1FC6023E5988300D56A80 /* Emoji.swift */ = {isa = PBXFileReference; lastKnownFileType = sourcecode.swift; path = Emoji.swift; sourceTree = "<group>"; };
		28E1FC6223E5993400D56A80 /* Rating.swift */ = {isa = PBXFileReference; lastKnownFileType = sourcecode.swift; path = Rating.swift; sourceTree = "<group>"; };
		28E1FC6423E59A2D00D56A80 /* Add.swift */ = {isa = PBXFileReference; lastKnownFileType = sourcecode.swift; path = Add.swift; sourceTree = "<group>"; };
		28E1FC6623E59CA400D56A80 /* Detail.swift */ = {isa = PBXFileReference; lastKnownFileType = sourcecode.swift; path = Detail.swift; sourceTree = "<group>"; };
/* End PBXFileReference section */

/* Begin PBXFrameworksBuildPhase section */
		28E1FC2723E5965C00D56A80 /* Frameworks */ = {
			isa = PBXFrameworksBuildPhase;
			buildActionMask = 2147483647;
			files = (
			);
			runOnlyForDeploymentPostprocessing = 0;
		};
		28E1FC4023E5965D00D56A80 /* Frameworks */ = {
			isa = PBXFrameworksBuildPhase;
			buildActionMask = 2147483647;
			files = (
			);
			runOnlyForDeploymentPostprocessing = 0;
		};
		28E1FC4B23E5965D00D56A80 /* Frameworks */ = {
			isa = PBXFrameworksBuildPhase;
			buildActionMask = 2147483647;
			files = (
			);
			runOnlyForDeploymentPostprocessing = 0;
		};
/* End PBXFrameworksBuildPhase section */

/* Begin PBXGroup section */
		28E1FC2123E5965C00D56A80 = {
			isa = PBXGroup;
			children = (
				28E1FC2C23E5965C00D56A80 /* Bookworm10 */,
				28E1FC4623E5965D00D56A80 /* Bookworm10Tests */,
				28E1FC5123E5965D00D56A80 /* Bookworm10UITests */,
				28E1FC2B23E5965C00D56A80 /* Products */,
			);
			sourceTree = "<group>";
		};
		28E1FC2B23E5965C00D56A80 /* Products */ = {
			isa = PBXGroup;
			children = (
				28E1FC2A23E5965C00D56A80 /* TyemteeBook.app */,
				28E1FC4323E5965D00D56A80 /* TyemteeBookTests.xctest */,
				28E1FC4E23E5965D00D56A80 /* TyemteeBookUITests.xctest */,
			);
			name = Products;
			sourceTree = "<group>";
		};
		28E1FC2C23E5965C00D56A80 /* Bookworm10 */ = {
			isa = PBXGroup;
			children = (
				28E1FC2D23E5965C00D56A80 /* AppDelegate.swift */,
				28E1FC2F23E5965C00D56A80 /* SceneDelegate.swift */,
				28E1FC6023E5988300D56A80 /* Emoji.swift */,
				28E1FC6223E5993400D56A80 /* Rating.swift */,
				28E1FC6423E59A2D00D56A80 /* Add.swift */,
				28E1FC6623E59CA400D56A80 /* Detail.swift */,
				28E1FC3423E5965C00D56A80 /* ContentView.swift */,
				28E1FC3623E5965D00D56A80 /* Assets.xcassets */,
				2822FC3D24358D9C00CE276F /* LaunchScreen.storyboard */,
				28E1FC3E23E5965D00D56A80 /* Info.plist */,
				28E1FC3123E5965C00D56A80 /* Bookworm10.xcdatamodeld */,
				28E1FC3823E5965D00D56A80 /* Preview Content */,
			);
			path = Bookworm10;
			sourceTree = "<group>";
		};
		28E1FC3823E5965D00D56A80 /* Preview Content */ = {
			isa = PBXGroup;
			children = (
				28E1FC3923E5965D00D56A80 /* Preview Assets.xcassets */,
			);
			path = "Preview Content";
			sourceTree = "<group>";
		};
		28E1FC4623E5965D00D56A80 /* Bookworm10Tests */ = {
			isa = PBXGroup;
			children = (
				28E1FC4723E5965D00D56A80 /* Bookworm10Tests.swift */,
				28E1FC4923E5965D00D56A80 /* Info.plist */,
			);
			path = Bookworm10Tests;
			sourceTree = "<group>";
		};
		28E1FC5123E5965D00D56A80 /* Bookworm10UITests */ = {
			isa = PBXGroup;
			children = (
				28E1FC5223E5965D00D56A80 /* Bookworm10UITests.swift */,
				28E1FC5423E5965D00D56A80 /* Info.plist */,
			);
			path = Bookworm10UITests;
			sourceTree = "<group>";
		};
/* End PBXGroup section */

/* Begin PBXNativeTarget section */
		28E1FC2923E5965C00D56A80 /* TyemteeBook */ = {
			isa = PBXNativeTarget;
			buildConfigurationList = 28E1FC5723E5965D00D56A80 /* Build configuration list for PBXNativeTarget "TyemteeBook" */;
			buildPhases = (
				28E1FC2623E5965C00D56A80 /* Sources */,
				28E1FC2723E5965C00D56A80 /* Frameworks */,
				28E1FC2823E5965C00D56A80 /* Resources */,
			);
			buildRules = (
			);
			dependencies = (
			);
			name = TyemteeBook;
			productName = Bookworm10;
			productReference = 28E1FC2A23E5965C00D56A80 /* TyemteeBook.app */;
			productType = "com.apple.product-type.application";
		};
		28E1FC4223E5965D00D56A80 /* TyemteeBookTests */ = {
			isa = PBXNativeTarget;
			buildConfigurationList = 28E1FC5A23E5965D00D56A80 /* Build configuration list for PBXNativeTarget "TyemteeBookTests" */;
			buildPhases = (
				28E1FC3F23E5965D00D56A80 /* Sources */,
				28E1FC4023E5965D00D56A80 /* Frameworks */,
				28E1FC4123E5965D00D56A80 /* Resources */,
			);
			buildRules = (
			);
			dependencies = (
				28E1FC4523E5965D00D56A80 /* PBXTargetDependency */,
			);
			name = TyemteeBookTests;
			productName = Bookworm10Tests;
			productReference = 28E1FC4323E5965D00D56A80 /* TyemteeBookTests.xctest */;
			productType = "com.apple.product-type.bundle.unit-test";
		};
		28E1FC4D23E5965D00D56A80 /* TyemteeBookUITests */ = {
			isa = PBXNativeTarget;
			buildConfigurationList = 28E1FC5D23E5965D00D56A80 /* Build configuration list for PBXNativeTarget "TyemteeBookUITests" */;
			buildPhases = (
				28E1FC4A23E5965D00D56A80 /* Sources */,
				28E1FC4B23E5965D00D56A80 /* Frameworks */,
				28E1FC4C23E5965D00D56A80 /* Resources */,
			);
			buildRules = (
			);
			dependencies = (
				28E1FC5023E5965D00D56A80 /* PBXTargetDependency */,
			);
			name = TyemteeBookUITests;
			productName = Bookworm10UITests;
			productReference = 28E1FC4E23E5965D00D56A80 /* TyemteeBookUITests.xctest */;
			productType = "com.apple.product-type.bundle.ui-testing";
		};
/* End PBXNativeTarget section */

/* Begin PBXProject section */
		28E1FC2223E5965C00D56A80 /* Project object */ = {
			isa = PBXProject;
			attributes = {
				LastSwiftUpdateCheck = 1130;
				LastUpgradeCheck = 1130;
				ORGANIZATIONNAME = Viettasc;
				TargetAttributes = {
					28E1FC2923E5965C00D56A80 = {
						CreatedOnToolsVersion = 11.3.1;
					};
					28E1FC4223E5965D00D56A80 = {
						CreatedOnToolsVersion = 11.3.1;
						TestTargetID = 28E1FC2923E5965C00D56A80;
					};
					28E1FC4D23E5965D00D56A80 = {
						CreatedOnToolsVersion = 11.3.1;
						TestTargetID = 28E1FC2923E5965C00D56A80;
					};
				};
			};
			buildConfigurationList = 28E1FC2523E5965C00D56A80 /* Build configuration list for PBXProject "TyemteeBook" */;
			compatibilityVersion = "Xcode 9.3";
			developmentRegion = en;
			hasScannedForEncodings = 0;
			knownRegions = (
				en,
				Base,
			);
			mainGroup = 28E1FC2123E5965C00D56A80;
			productRefGroup = 28E1FC2B23E5965C00D56A80 /* Products */;
			projectDirPath = "";
			projectRoot = "";
			targets = (
				28E1FC2923E5965C00D56A80 /* TyemteeBook */,
				28E1FC4223E5965D00D56A80 /* TyemteeBookTests */,
				28E1FC4D23E5965D00D56A80 /* TyemteeBookUITests */,
			);
		};
/* End PBXProject section */

/* Begin PBXResourcesBuildPhase section */
		28E1FC2823E5965C00D56A80 /* Resources */ = {
			isa = PBXResourcesBuildPhase;
			buildActionMask = 2147483647;
			files = (
				2822FC3E24358D9C00CE276F /* LaunchScreen.storyboard in Resources */,
				28E1FC3A23E5965D00D56A80 /* Preview Assets.xcassets in Resources */,
				28E1FC3723E5965D00D56A80 /* Assets.xcassets in Resources */,
			);
			runOnlyForDeploymentPostprocessing = 0;
		};
		28E1FC4123E5965D00D56A80 /* Resources */ = {
			isa = PBXResourcesBuildPhase;
			buildActionMask = 2147483647;
			files = (
			);
			runOnlyForDeploymentPostprocessing = 0;
		};
		28E1FC4C23E5965D00D56A80 /* Resources */ = {
			isa = PBXResourcesBuildPhase;
			buildActionMask = 2147483647;
			files = (
			);
			runOnlyForDeploymentPostprocessing = 0;
		};
/* End PBXResourcesBuildPhase section */

/* Begin PBXSourcesBuildPhase section */
		28E1FC2623E5965C00D56A80 /* Sources */ = {
			isa = PBXSourcesBuildPhase;
			buildActionMask = 2147483647;
			files = (
				28E1FC6323E5993400D56A80 /* Rating.swift in Sources */,
				28E1FC6123E5988300D56A80 /* Emoji.swift in Sources */,
				28E1FC6723E59CA400D56A80 /* Detail.swift in Sources */,
				28E1FC6523E59A2D00D56A80 /* Add.swift in Sources */,
				28E1FC3323E5965C00D56A80 /* Bookworm10.xcdatamodeld in Sources */,
				28E1FC2E23E5965C00D56A80 /* AppDelegate.swift in Sources */,
				28E1FC3523E5965C00D56A80 /* ContentView.swift in Sources */,
				28E1FC3023E5965C00D56A80 /* SceneDelegate.swift in Sources */,
			);
			runOnlyForDeploymentPostprocessing = 0;
		};
		28E1FC3F23E5965D00D56A80 /* Sources */ = {
			isa = PBXSourcesBuildPhase;
			buildActionMask = 2147483647;
			files = (
				28E1FC4823E5965D00D56A80 /* Bookworm10Tests.swift in Sources */,
			);
			runOnlyForDeploymentPostprocessing = 0;
		};
		28E1FC4A23E5965D00D56A80 /* Sources */ = {
			isa = PBXSourcesBuildPhase;
			buildActionMask = 2147483647;
			files = (
				28E1FC5323E5965D00D56A80 /* Bookworm10UITests.swift in Sources */,
			);
			runOnlyForDeploymentPostprocessing = 0;
		};
/* End PBXSourcesBuildPhase section */

/* Begin PBXTargetDependency section */
		28E1FC4523E5965D00D56A80 /* PBXTargetDependency */ = {
			isa = PBXTargetDependency;
			target = 28E1FC2923E5965C00D56A80 /* TyemteeBook */;
			targetProxy = 28E1FC4423E5965D00D56A80 /* PBXContainerItemProxy */;
		};
		28E1FC5023E5965D00D56A80 /* PBXTargetDependency */ = {
			isa = PBXTargetDependency;
			target = 28E1FC2923E5965C00D56A80 /* TyemteeBook */;
			targetProxy = 28E1FC4F23E5965D00D56A80 /* PBXContainerItemProxy */;
		};
/* End PBXTargetDependency section */

/* Begin XCBuildConfiguration section */
		28E1FC5523E5965D00D56A80 /* Debug */ = {
			isa = XCBuildConfiguration;
			buildSettings = {
				ALWAYS_SEARCH_USER_PATHS = NO;
				CLANG_ANALYZER_NONNULL = YES;
				CLANG_ANALYZER_NUMBER_OBJECT_CONVERSION = YES_AGGRESSIVE;
				CLANG_CXX_LANGUAGE_STANDARD = "gnu++14";
				CLANG_CXX_LIBRARY = "libc++";
				CLANG_ENABLE_MODULES = YES;
				CLANG_ENABLE_OBJC_ARC = YES;
				CLANG_ENABLE_OBJC_WEAK = YES;
				CLANG_WARN_BLOCK_CAPTURE_AUTORELEASING = YES;
				CLANG_WARN_BOOL_CONVERSION = YES;
				CLANG_WARN_COMMA = YES;
				CLANG_WARN_CONSTANT_CONVERSION = YES;
				CLANG_WARN_DEPRECATED_OBJC_IMPLEMENTATIONS = YES;
				CLANG_WARN_DIRECT_OBJC_ISA_USAGE = YES_ERROR;
				CLANG_WARN_DOCUMENTATION_COMMENTS = YES;
				CLANG_WARN_EMPTY_BODY = YES;
				CLANG_WARN_ENUM_CONVERSION = YES;
				CLANG_WARN_INFINITE_RECURSION = YES;
				CLANG_WARN_INT_CONVERSION = YES;
				CLANG_WARN_NON_LITERAL_NULL_CONVERSION = YES;
				CLANG_WARN_OBJC_IMPLICIT_RETAIN_SELF = YES;
				CLANG_WARN_OBJC_LITERAL_CONVERSION = YES;
				CLANG_WARN_OBJC_ROOT_CLASS = YES_ERROR;
				CLANG_WARN_RANGE_LOOP_ANALYSIS = YES;
				CLANG_WARN_STRICT_PROTOTYPES = YES;
				CLANG_WARN_SUSPICIOUS_MOVE = YES;
				CLANG_WARN_UNGUARDED_AVAILABILITY = YES_AGGRESSIVE;
				CLANG_WARN_UNREACHABLE_CODE = YES;
				CLANG_WARN__DUPLICATE_METHOD_MATCH = YES;
				COPY_PHASE_STRIP = NO;
				DEBUG_INFORMATION_FORMAT = dwarf;
				ENABLE_STRICT_OBJC_MSGSEND = YES;
				ENABLE_TESTABILITY = YES;
				GCC_C_LANGUAGE_STANDARD = gnu11;
				GCC_DYNAMIC_NO_PIC = NO;
				GCC_NO_COMMON_BLOCKS = YES;
				GCC_OPTIMIZATION_LEVEL = 0;
				GCC_PREPROCESSOR_DEFINITIONS = (
					"DEBUG=1",
					"$(inherited)",
				);
				GCC_WARN_64_TO_32_BIT_CONVERSION = YES;
				GCC_WARN_ABOUT_RETURN_TYPE = YES_ERROR;
				GCC_WARN_UNDECLARED_SELECTOR = YES;
				GCC_WARN_UNINITIALIZED_AUTOS = YES_AGGRESSIVE;
				GCC_WARN_UNUSED_FUNCTION = YES;
				GCC_WARN_UNUSED_VARIABLE = YES;
				IPHONEOS_DEPLOYMENT_TARGET = 13.2;
				MTL_ENABLE_DEBUG_INFO = INCLUDE_SOURCE;
				MTL_FAST_MATH = YES;
				ONLY_ACTIVE_ARCH = YES;
				SDKROOT = iphoneos;
				SWIFT_ACTIVE_COMPILATION_CONDITIONS = DEBUG;
				SWIFT_OPTIMIZATION_LEVEL = "-Onone";
			};
			name = Debug;
		};
		28E1FC5623E5965D00D56A80 /* Release */ = {
			isa = XCBuildConfiguration;
			buildSettings = {
				ALWAYS_SEARCH_USER_PATHS = NO;
				CLANG_ANALYZER_NONNULL = YES;
				CLANG_ANALYZER_NUMBER_OBJECT_CONVERSION = YES_AGGRESSIVE;
				CLANG_CXX_LANGUAGE_STANDARD = "gnu++14";
				CLANG_CXX_LIBRARY = "libc++";
				CLANG_ENABLE_MODULES = YES;
				CLANG_ENABLE_OBJC_ARC = YES;
				CLANG_ENABLE_OBJC_WEAK = YES;
				CLANG_WARN_BLOCK_CAPTURE_AUTORELEASING = YES;
				CLANG_WARN_BOOL_CONVERSION = YES;
				CLANG_WARN_COMMA = YES;
				CLANG_WARN_CONSTANT_CONVERSION = YES;
				CLANG_WARN_DEPRECATED_OBJC_IMPLEMENTATIONS = YES;
				CLANG_WARN_DIRECT_OBJC_ISA_USAGE = YES_ERROR;
				CLANG_WARN_DOCUMENTATION_COMMENTS = YES;
				CLANG_WARN_EMPTY_BODY = YES;
				CLANG_WARN_ENUM_CONVERSION = YES;
				CLANG_WARN_INFINITE_RECURSION = YES;
				CLANG_WARN_INT_CONVERSION = YES;
				CLANG_WARN_NON_LITERAL_NULL_CONVERSION = YES;
				CLANG_WARN_OBJC_IMPLICIT_RETAIN_SELF = YES;
				CLANG_WARN_OBJC_LITERAL_CONVERSION = YES;
				CLANG_WARN_OBJC_ROOT_CLASS = YES_ERROR;
				CLANG_WARN_RANGE_LOOP_ANALYSIS = YES;
				CLANG_WARN_STRICT_PROTOTYPES = YES;
				CLANG_WARN_SUSPICIOUS_MOVE = YES;
				CLANG_WARN_UNGUARDED_AVAILABILITY = YES_AGGRESSIVE;
				CLANG_WARN_UNREACHABLE_CODE = YES;
				CLANG_WARN__DUPLICATE_METHOD_MATCH = YES;
				COPY_PHASE_STRIP = NO;
				DEBUG_INFORMATION_FORMAT = "dwarf-with-dsym";
				ENABLE_NS_ASSERTIONS = NO;
				ENABLE_STRICT_OBJC_MSGSEND = YES;
				GCC_C_LANGUAGE_STANDARD = gnu11;
				GCC_NO_COMMON_BLOCKS = YES;
				GCC_WARN_64_TO_32_BIT_CONVERSION = YES;
				GCC_WARN_ABOUT_RETURN_TYPE = YES_ERROR;
				GCC_WARN_UNDECLARED_SELECTOR = YES;
				GCC_WARN_UNINITIALIZED_AUTOS = YES_AGGRESSIVE;
				GCC_WARN_UNUSED_FUNCTION = YES;
				GCC_WARN_UNUSED_VARIABLE = YES;
				IPHONEOS_DEPLOYMENT_TARGET = 13.2;
				MTL_ENABLE_DEBUG_INFO = NO;
				MTL_FAST_MATH = YES;
				SDKROOT = iphoneos;
				SWIFT_COMPILATION_MODE = wholemodule;
				SWIFT_OPTIMIZATION_LEVEL = "-O";
				VALIDATE_PRODUCT = YES;
			};
			name = Release;
		};
		28E1FC5823E5965D00D56A80 /* Debug */ = {
			isa = XCBuildConfiguration;
			buildSettings = {
				ASSETCATALOG_COMPILER_APPICON_NAME = AppIcon;
				CODE_SIGN_STYLE = Automatic;
				DEVELOPMENT_ASSET_PATHS = "\"Bookworm10/Preview Content\"";
				DEVELOPMENT_TEAM = 62WM398225;
				ENABLE_PREVIEWS = YES;
				INFOPLIST_FILE = Bookworm10/Info.plist;
				IPHONEOS_DEPLOYMENT_TARGET = 13.1;
				LD_RUNPATH_SEARCH_PATHS = (
					"$(inherited)",
					"@executable_path/Frameworks",
				);
				PRODUCT_BUNDLE_IDENTIFIER = ace.senegal.viettasc.Bookworm10;
				PRODUCT_NAME = "$(TARGET_NAME)";
				SWIFT_VERSION = 5.0;
				TARGETED_DEVICE_FAMILY = "1,2";
			};
			name = Debug;
		};
		28E1FC5923E5965D00D56A80 /* Release */ = {
			isa = XCBuildConfiguration;
			buildSettings = {
				ASSETCATALOG_COMPILER_APPICON_NAME = AppIcon;
				CODE_SIGN_STYLE = Automatic;
				DEVELOPMENT_ASSET_PATHS = "\"Bookworm10/Preview Content\"";
				DEVELOPMENT_TEAM = 62WM398225;
				ENABLE_PREVIEWS = YES;
				INFOPLIST_FILE = Bookworm10/Info.plist;
				IPHONEOS_DEPLOYMENT_TARGET = 13.1;
				LD_RUNPATH_SEARCH_PATHS = (
					"$(inherited)",
					"@executable_path/Frameworks",
				);
				PRODUCT_BUNDLE_IDENTIFIER = ace.senegal.viettasc.Bookworm10;
				PRODUCT_NAME = "$(TARGET_NAME)";
				SWIFT_VERSION = 5.0;
				TARGETED_DEVICE_FAMILY = "1,2";
			};
			name = Release;
		};
		28E1FC5B23E5965D00D56A80 /* Debug */ = {
			isa = XCBuildConfiguration;
			buildSettings = {
				ALWAYS_EMBED_SWIFT_STANDARD_LIBRARIES = YES;
				BUNDLE_LOADER = "$(TEST_HOST)";
				CODE_SIGN_STYLE = Automatic;
				DEVELOPMENT_TEAM = 62WM398225;
				INFOPLIST_FILE = Bookworm10Tests/Info.plist;
				IPHONEOS_DEPLOYMENT_TARGET = 13.2;
				LD_RUNPATH_SEARCH_PATHS = (
					"$(inherited)",
					"@executable_path/Frameworks",
					"@loader_path/Frameworks",
				);
				PRODUCT_BUNDLE_IDENTIFIER = ace.senegal.viettasc.Bookworm10Tests;
				PRODUCT_NAME = "$(TARGET_NAME)";
				SWIFT_VERSION = 5.0;
				TARGETED_DEVICE_FAMILY = "1,2";
				TEST_HOST = "$(BUILT_PRODUCTS_DIR)/TyemteeBook.app/TyemteeBook";
			};
			name = Debug;
		};
		28E1FC5C23E5965D00D56A80 /* Release */ = {
			isa = XCBuildConfiguration;
			buildSettings = {
				ALWAYS_EMBED_SWIFT_STANDARD_LIBRARIES = YES;
				BUNDLE_LOADER = "$(TEST_HOST)";
				CODE_SIGN_STYLE = Automatic;
				DEVELOPMENT_TEAM = 62WM398225;
				INFOPLIST_FILE = Bookworm10Tests/Info.plist;
				IPHONEOS_DEPLOYMENT_TARGET = 13.2;
				LD_RUNPATH_SEARCH_PATHS = (
					"$(inherited)",
					"@executable_path/Frameworks",
					"@loader_path/Frameworks",
				);
				PRODUCT_BUNDLE_IDENTIFIER = ace.senegal.viettasc.Bookworm10Tests;
				PRODUCT_NAME = "$(TARGET_NAME)";
				SWIFT_VERSION = 5.0;
				TARGETED_DEVICE_FAMILY = "1,2";
				TEST_HOST = "$(BUILT_PRODUCTS_DIR)/TyemteeBook.app/TyemteeBook";
			};
			name = Release;
		};
		28E1FC5E23E5965D00D56A80 /* Debug */ = {
			isa = XCBuildConfiguration;
			buildSettings = {
				ALWAYS_EMBED_SWIFT_STANDARD_LIBRARIES = YES;
				CODE_SIGN_STYLE = Automatic;
				DEVELOPMENT_TEAM = 62WM398225;
				INFOPLIST_FILE = Bookworm10UITests/Info.plist;
				LD_RUNPATH_SEARCH_PATHS = (
					"$(inherited)",
					"@executable_path/Frameworks",
					"@loader_path/Frameworks",
				);
				PRODUCT_BUNDLE_IDENTIFIER = ace.senegal.viettasc.Bookworm10UITests;
				PRODUCT_NAME = "$(TARGET_NAME)";
				SWIFT_VERSION = 5.0;
				TARGETED_DEVICE_FAMILY = "1,2";
				TEST_TARGET_NAME = Bookworm10;
			};
			name = Debug;
		};
		28E1FC5F23E5965D00D56A80 /* Release */ = {
			isa = XCBuildConfiguration;
			buildSettings = {
				ALWAYS_EMBED_SWIFT_STANDARD_LIBRARIES = YES;
				CODE_SIGN_STYLE = Automatic;
				DEVELOPMENT_TEAM = 62WM398225;
				INFOPLIST_FILE = Bookworm10UITests/Info.plist;
				LD_RUNPATH_SEARCH_PATHS = (
					"$(inherited)",
					"@executable_path/Frameworks",
					"@loader_path/Frameworks",
				);
				PRODUCT_BUNDLE_IDENTIFIER = ace.senegal.viettasc.Bookworm10UITests;
				PRODUCT_NAME = "$(TARGET_NAME)";
				SWIFT_VERSION = 5.0;
				TARGETED_DEVICE_FAMILY = "1,2";
				TEST_TARGET_NAME = Bookworm10;
			};
			name = Release;
		};
/* End XCBuildConfiguration section */

/* Begin XCConfigurationList section */
		28E1FC2523E5965C00D56A80 /* Build configuration list for PBXProject "TyemteeBook" */ = {
			isa = XCConfigurationList;
			buildConfigurations = (
				28E1FC5523E5965D00D56A80 /* Debug */,
				28E1FC5623E5965D00D56A80 /* Release */,
			);
			defaultConfigurationIsVisible = 0;
			defaultConfigurationName = Release;
		};
		28E1FC5723E5965D00D56A80 /* Build configuration list for PBXNativeTarget "TyemteeBook" */ = {
			isa = XCConfigurationList;
			buildConfigurations = (
				28E1FC5823E5965D00D56A80 /* Debug */,
				28E1FC5923E5965D00D56A80 /* Release */,
			);
			defaultConfigurationIsVisible = 0;
			defaultConfigurationName = Release;
		};
		28E1FC5A23E5965D00D56A80 /* Build configuration list for PBXNativeTarget "TyemteeBookTests" */ = {
			isa = XCConfigurationList;
			buildConfigurations = (
				28E1FC5B23E5965D00D56A80 /* Debug */,
				28E1FC5C23E5965D00D56A80 /* Release */,
			);
			defaultConfigurationIsVisible = 0;
			defaultConfigurationName = Release;
		};
		28E1FC5D23E5965D00D56A80 /* Build configuration list for PBXNativeTarget "TyemteeBookUITests" */ = {
			isa = XCConfigurationList;
			buildConfigurations = (
				28E1FC5E23E5965D00D56A80 /* Debug */,
				28E1FC5F23E5965D00D56A80 /* Release */,
			);
			defaultConfigurationIsVisible = 0;
			defaultConfigurationName = Release;
		};
/* End XCConfigurationList section */

/* Begin XCVersionGroup section */
		28E1FC3123E5965C00D56A80 /* Bookworm10.xcdatamodeld */ = {
			isa = XCVersionGroup;
			children = (
				28E1FC3223E5965C00D56A80 /* Bookworm10.xcdatamodel */,
			);
			currentVersion = 28E1FC3223E5965C00D56A80 /* Bookworm10.xcdatamodel */;
			path = Bookworm10.xcdatamodeld;
			sourceTree = "<group>";
			versionGroupType = wrapper.xcdatamodel;
		};
/* End XCVersionGroup section */
	};
	rootObject = 28E1FC2223E5965C00D56A80 /* Project object */;
}
